
Microsoft Visual Studio Solution File, Format Version 12.00
# Visual Studio Version 17
VisualStudioVersion = 17.12.35506.116 d17.12
MinimumVisualStudioVersion = 10.0.40219.1
Project("{FAE04EC0-301F-11D3-BF4B-00C04F79EFBC}") = "LogParser.Generator", "LogParser.Generator\LogParser.Generator.csproj", "{6D0FA9ED-334A-4ECE-A015-049CA39F1506}"
EndProject
Project("{FAE04EC0-301F-11D3-BF4B-00C04F79EFBC}") = "LogParser.Normal", "LogParser.Normal\LogParser.Normal.csproj", "{C00BA2D0-4EA2-4A97-B12D-369892EB536F}"
EndProject
Project("{FAE04EC0-301F-11D3-BF4B-00C04F79EFBC}") = "LogParser.Parallel", "LogParser.Parallel\LogParser.Parallel.csproj", "{303A82C2-02D2-494B-9797-0ADBC00D81A4}"
EndProject
Global
	GlobalSection(SolutionConfigurationPlatforms) = preSolution
		Debug|Any CPU = Debug|Any CPU
		Release|Any CPU = Release|Any CPU
	EndGlobalSection
	GlobalSection(ProjectConfigurationPlatforms) = postSolution
		{6D0FA9ED-334A-4ECE-A015-049CA39F1506}.Debug|Any CPU.ActiveCfg = Debug|Any CPU
		{6D0FA9ED-334A-4ECE-A015-049CA39F1506}.Debug|Any CPU.Build.0 = Debug|Any CPU
		{6D0FA9ED-334A-4ECE-A015-049CA39F1506}.Release|Any CPU.ActiveCfg = Release|Any CPU
		{6D0FA9ED-334A-4ECE-A015-049CA39F1506}.Release|Any CPU.Build.0 = Release|Any CPU
		{C00BA2D0-4EA2-4A97-B12D-369892EB536F}.Debug|Any CPU.ActiveCfg = Debug|Any CPU
		{C00BA2D0-4EA2-4A97-B12D-369892EB536F}.Debug|Any CPU.Build.0 = Debug|Any CPU
		{C00BA2D0-4EA2-4A97-B12D-369892EB536F}.Release|Any CPU.ActiveCfg = Release|Any CPU
		{C00BA2D0-4EA2-4A97-B12D-369892EB536F}.Release|Any CPU.Build.0 = Release|Any CPU
		{303A82C2-02D2-494B-9797-0ADBC00D81A4}.Debug|Any CPU.ActiveCfg = Debug|Any CPU
		{303A82C2-02D2-494B-9797-0ADBC00D81A4}.Debug|Any CPU.Build.0 = Debug|Any CPU
		{303A82C2-02D2-494B-9797-0ADBC00D81A4}.Release|Any CPU.ActiveCfg = Release|Any CPU
		{303A82C2-02D2-494B-9797-0ADBC00D81A4}.Release|Any CPU.Build.0 = Release|Any CPU
	EndGlobalSection
	GlobalSection(SolutionProperties) = preSolution
		HideSolutionNode = FALSE
	EndGlobalSection
EndGlobal
